// !$*UTF8*$!
{
	archiveVersion = 1;
	classes = {
	};
	objectVersion = 46;
	objects = {

/* Begin PBXBuildFile section */
		3EADEA9F1A512A1600CDAEB6 /* AppDelegate.swift in Sources */ = {isa = PBXBuildFile; fileRef = 3EADEA9E1A512A1600CDAEB6 /* AppDelegate.swift */; };
		3EADEAA11A512A1600CDAEB6 /* RecordSoundsViewController.swift in Sources */ = {isa = PBXBuildFile; fileRef = 3EADEAA01A512A1600CDAEB6 /* RecordSoundsViewController.swift */; };
		3EADEAA41A512A1700CDAEB6 /* Main.storyboard in Resources */ = {isa = PBXBuildFile; fileRef = 3EADEAA21A512A1700CDAEB6 /* Main.storyboard */; };
		3EADEAA61A512A1700CDAEB6 /* Images.xcassets in Resources */ = {isa = PBXBuildFile; fileRef = 3EADEAA51A512A1700CDAEB6 /* Images.xcassets */; };
		3EADEAA91A512A1700CDAEB6 /* LaunchScreen.xib in Resources */ = {isa = PBXBuildFile; fileRef = 3EADEAA71A512A1700CDAEB6 /* LaunchScreen.xib */; };
		3EADEAB51A512A1700CDAEB6 /* Recording_ModifierTests.swift in Sources */ = {isa = PBXBuildFile; fileRef = 3EADEAB41A512A1700CDAEB6 /* Recording_ModifierTests.swift */; };
		3ECD75B21A54BFD7000E46CD /* PlaySoundsViewController.swift in Sources */ = {isa = PBXBuildFile; fileRef = 3ECD75B11A54BFD7000E46CD /* PlaySoundsViewController.swift */; };
		3ECD75B41A54C8A6000E46CD /* movie_quote.mp3 in Resources */ = {isa = PBXBuildFile; fileRef = 3ECD75B31A54C8A6000E46CD /* movie_quote.mp3 */; };
		3ECD75B61A54D205000E46CD /* jph1.mp3 in Resources */ = {isa = PBXBuildFile; fileRef = 3ECD75B51A54D205000E46CD /* jph1.mp3 */; };
		3ECD75B81A551205000E46CD /* RecordedAudio.swift in Sources */ = {isa = PBXBuildFile; fileRef = 3ECD75B71A551205000E46CD /* RecordedAudio.swift */; };
/* End PBXBuildFile section */

/* Begin PBXContainerItemProxy section */
		3EADEAAF1A512A1700CDAEB6 /* PBXContainerItemProxy */ = {
			isa = PBXContainerItemProxy;
			containerPortal = 3EADEA911A512A1600CDAEB6 /* Project object */;
			proxyType = 1;
			remoteGlobalIDString = 3EADEA981A512A1600CDAEB6;
			remoteInfo = "Recording Modifier";
		};
/* End PBXContainerItemProxy section */

/* Begin PBXFileReference section */
		3EADEA991A512A1600CDAEB6 /* Recording Modifier.app */ = {isa = PBXFileReference; explicitFileType = wrapper.application; includeInIndex = 0; path = "Recording Modifier.app"; sourceTree = BUILT_PRODUCTS_DIR; };
		3EADEA9D1A512A1600CDAEB6 /* Info.plist */ = {isa = PBXFileReference; lastKnownFileType = text.plist.xml; path = Info.plist; sourceTree = "<group>"; };
		3EADEA9E1A512A1600CDAEB6 /* AppDelegate.swift */ = {isa = PBXFileReference; lastKnownFileType = sourcecode.swift; path = AppDelegate.swift; sourceTree = "<group>"; };
		3EADEAA01A512A1600CDAEB6 /* RecordSoundsViewController.swift */ = {isa = PBXFileReference; lastKnownFileType = sourcecode.swift; path = RecordSoundsViewController.swift; sourceTree = "<group>"; };
		3EADEAA31A512A1700CDAEB6 /* Base */ = {isa = PBXFileReference; lastKnownFileType = file.storyboard; name = Base; path = Base.lproj/Main.storyboard; sourceTree = "<group>"; };
		3EADEAA51A512A1700CDAEB6 /* Images.xcassets */ = {isa = PBXFileReference; lastKnownFileType = folder.assetcatalog; path = Images.xcassets; sourceTree = "<group>"; };
		3EADEAA81A512A1700CDAEB6 /* Base */ = {isa = PBXFileReference; lastKnownFileType = file.xib; name = Base; path = Base.lproj/LaunchScreen.xib; sourceTree = "<group>"; };
		3EADEAAE1A512A1700CDAEB6 /* Recording ModifierTests.xctest */ = {isa = PBXFileReference; explicitFileType = wrapper.cfbundle; includeInIndex = 0; path = "Recording ModifierTests.xctest"; sourceTree = BUILT_PRODUCTS_DIR; };
		3EADEAB31A512A1700CDAEB6 /* Info.plist */ = {isa = PBXFileReference; lastKnownFileType = text.plist.xml; path = Info.plist; sourceTree = "<group>"; };
		3EADEAB41A512A1700CDAEB6 /* Recording_ModifierTests.swift */ = {isa = PBXFileReference; lastKnownFileType = sourcecode.swift; path = Recording_ModifierTests.swift; sourceTree = "<group>"; };
		3ECD75B11A54BFD7000E46CD /* PlaySoundsViewController.swift */ = {isa = PBXFileReference; fileEncoding = 4; lastKnownFileType = sourcecode.swift; path = PlaySoundsViewController.swift; sourceTree = "<group>"; };
		3ECD75B31A54C8A6000E46CD /* movie_quote.mp3 */ = {isa = PBXFileReference; lastKnownFileType = audio.mp3; path = movie_quote.mp3; sourceTree = "<group>"; };
		3ECD75B51A54D205000E46CD /* jph1.mp3 */ = {isa = PBXFileReference; lastKnownFileType = audio.mp3; path = jph1.mp3; sourceTree = "<group>"; };
		3ECD75B71A551205000E46CD /* RecordedAudio.swift */ = {isa = PBXFileReference; fileEncoding = 4; lastKnownFileType = sourcecode.swift; name = RecordedAudio.swift; path = ../RecordedAudio.swift; sourceTree = "<group>"; };
/* End PBXFileReference section */

/* Begin PBXFrameworksBuildPhase section */
		3EADEA961A512A1600CDAEB6 /* Frameworks */ = {
			isa = PBXFrameworksBuildPhase;
			buildActionMask = 2147483647;
			files = (
			);
			runOnlyForDeploymentPostprocessing = 0;
		};
		3EADEAAB1A512A1700CDAEB6 /* Frameworks */ = {
			isa = PBXFrameworksBuildPhase;
			buildActionMask = 2147483647;
			files = (
			);
			runOnlyForDeploymentPostprocessing = 0;
		};
/* End PBXFrameworksBuildPhase section */

/* Begin PBXGroup section */
		3EADEA901A512A1600CDAEB6 = {
			isa = PBXGroup;
			children = (
				3EADEA9B1A512A1600CDAEB6 /* Recording Modifier */,
				3EADEAB11A512A1700CDAEB6 /* Recording ModifierTests */,
				3EADEA9A1A512A1600CDAEB6 /* Products */,
			);
			sourceTree = "<group>";
		};
		3EADEA9A1A512A1600CDAEB6 /* Products */ = {
			isa = PBXGroup;
			children = (
				3EADEA991A512A1600CDAEB6 /* Recording Modifier.app */,
				3EADEAAE1A512A1700CDAEB6 /* Recording ModifierTests.xctest */,
			);
			name = Products;
			sourceTree = "<group>";
		};
		3EADEA9B1A512A1600CDAEB6 /* Recording Modifier */ = {
			isa = PBXGroup;
			children = (
				3ECD75B71A551205000E46CD /* RecordedAudio.swift */,
				3EADEA9E1A512A1600CDAEB6 /* AppDelegate.swift */,
				3EADEAA01A512A1600CDAEB6 /* RecordSoundsViewController.swift */,
				3EADEAA21A512A1700CDAEB6 /* Main.storyboard */,
				3ECD75B51A54D205000E46CD /* jph1.mp3 */,
				3ECD75B31A54C8A6000E46CD /* movie_quote.mp3 */,
				3ECD75B11A54BFD7000E46CD /* PlaySoundsViewController.swift */,
				3EADEAA51A512A1700CDAEB6 /* Images.xcassets */,
				3EADEAA71A512A1700CDAEB6 /* LaunchScreen.xib */,
				3EADEA9C1A512A1600CDAEB6 /* Supporting Files */,
			);
			path = "Recording Modifier";
			sourceTree = "<group>";
		};
		3EADEA9C1A512A1600CDAEB6 /* Supporting Files */ = {
			isa = PBXGroup;
			children = (
				3EADEA9D1A512A1600CDAEB6 /* Info.plist */,
			);
			name = "Supporting Files";
			sourceTree = "<group>";
		};
		3EADEAB11A512A1700CDAEB6 /* Recording ModifierTests */ = {
			isa = PBXGroup;
			children = (
				3EADEAB41A512A1700CDAEB6 /* Recording_ModifierTests.swift */,
				3EADEAB21A512A1700CDAEB6 /* Supporting Files */,
			);
			path = "Recording ModifierTests";
			sourceTree = "<group>";
		};
		3EADEAB21A512A1700CDAEB6 /* Supporting Files */ = {
			isa = PBXGroup;
			children = (
				3EADEAB31A512A1700CDAEB6 /* Info.plist */,
			);
			name = "Supporting Files";
			sourceTree = "<group>";
		};
/* End PBXGroup section */

/* Begin PBXNativeTarget section */
		3EADEA981A512A1600CDAEB6 /* Recording Modifier */ = {
			isa = PBXNativeTarget;
			buildConfigurationList = 3EADEAB81A512A1700CDAEB6 /* Build configuration list for PBXNativeTarget "Recording Modifier" */;
			buildPhases = (
				3EADEA951A512A1600CDAEB6 /* Sources */,
				3EADEA961A512A1600CDAEB6 /* Frameworks */,
				3EADEA971A512A1600CDAEB6 /* Resources */,
			);
			buildRules = (
			);
			dependencies = (
			);
			name = "Recording Modifier";
			productName = "Recording Modifier";
			productReference = 3EADEA991A512A1600CDAEB6 /* Recording Modifier.app */;
			productType = "com.apple.product-type.application";
		};
		3EADEAAD1A512A1700CDAEB6 /* Recording ModifierTests */ = {
			isa = PBXNativeTarget;
			buildConfigurationList = 3EADEABB1A512A1700CDAEB6 /* Build configuration list for PBXNativeTarget "Recording ModifierTests" */;
			buildPhases = (
				3EADEAAA1A512A1700CDAEB6 /* Sources */,
				3EADEAAB1A512A1700CDAEB6 /* Frameworks */,
				3EADEAAC1A512A1700CDAEB6 /* Resources */,
			);
			buildRules = (
			);
			dependencies = (
				3EADEAB01A512A1700CDAEB6 /* PBXTargetDependency */,
			);
			name = "Recording ModifierTests";
			productName = "Recording ModifierTests";
			productReference = 3EADEAAE1A512A1700CDAEB6 /* Recording ModifierTests.xctest */;
			productType = "com.apple.product-type.bundle.unit-test";
		};
/* End PBXNativeTarget section */

/* Begin PBXProject section */
		3EADEA911A512A1600CDAEB6 /* Project object */ = {
			isa = PBXProject;
			attributes = {
				LastUpgradeCheck = 0610;
				ORGANIZATIONNAME = "Rachel Thomas";
				TargetAttributes = {
					3EADEA981A512A1600CDAEB6 = {
						CreatedOnToolsVersion = 6.1.1;
						DevelopmentTeam = QZ954CV8WH;
					};
					3EADEAAD1A512A1700CDAEB6 = {
						CreatedOnToolsVersion = 6.1.1;
						TestTargetID = 3EADEA981A512A1600CDAEB6;
					};
				};
			};
			buildConfigurationList = 3EADEA941A512A1600CDAEB6 /* Build configuration list for PBXProject "Recording Modifier" */;
			compatibilityVersion = "Xcode 3.2";
			developmentRegion = English;
			hasScannedForEncodings = 0;
			knownRegions = (
				en,
				Base,
			);
			mainGroup = 3EADEA901A512A1600CDAEB6;
			productRefGroup = 3EADEA9A1A512A1600CDAEB6 /* Products */;
			projectDirPath = "";
			projectRoot = "";
			targets = (
				3EADEA981A512A1600CDAEB6 /* Recording Modifier */,
				3EADEAAD1A512A1700CDAEB6 /* Recording ModifierTests */,
			);
		};
/* End PBXProject section */

/* Begin PBXResourcesBuildPhase section */
		3EADEA971A512A1600CDAEB6 /* Resources */ = {
			isa = PBXResourcesBuildPhase;
			buildActionMask = 2147483647;
			files = (
				3EADEAA41A512A1700CDAEB6 /* Main.storyboard in Resources */,
				3ECD75B61A54D205000E46CD /* jph1.mp3 in Resources */,
				3EADEAA91A512A1700CDAEB6 /* LaunchScreen.xib in Resources */,
				3ECD75B41A54C8A6000E46CD /* movie_quote.mp3 in Resources */,
				3EADEAA61A512A1700CDAEB6 /* Images.xcassets in Resources */,
			);
			runOnlyForDeploymentPostprocessing = 0;
		};
		3EADEAAC1A512A1700CDAEB6 /* Resources */ = {
			isa = PBXResourcesBuildPhase;
			buildActionMask = 2147483647;
			files = (
			);
			runOnlyForDeploymentPostprocessing = 0;
		};
/* End PBXResourcesBuildPhase section */

/* Begin PBXSourcesBuildPhase section */
		3EADEA951A512A1600CDAEB6 /* Sources */ = {
			isa = PBXSourcesBuildPhase;
			buildActionMask = 2147483647;
			files = (
				3ECD75B81A551205000E46CD /* RecordedAudio.swift in Sources */,
				3EADEAA11A512A1600CDAEB6 /* RecordSoundsViewController.swift in Sources */,
				3ECD75B21A54BFD7000E46CD /* PlaySoundsViewController.swift in Sources */,
				3EADEA9F1A512A1600CDAEB6 /* AppDelegate.swift in Sources */,
			);
			runOnlyForDeploymentPostprocessing = 0;
		};
		3EADEAAA1A512A1700CDAEB6 /* Sources */ = {
			isa = PBXSourcesBuildPhase;
			buildActionMask = 2147483647;
			files = (
				3EADEAB51A512A1700CDAEB6 /* Recording_ModifierTests.swift in Sources */,
			);
			runOnlyForDeploymentPostprocessing = 0;
		};
/* End PBXSourcesBuildPhase section */

/* Begin PBXTargetDependency section */
		3EADEAB01A512A1700CDAEB6 /* PBXTargetDependency */ = {
			isa = PBXTargetDependency;
			target = 3EADEA981A512A1600CDAEB6 /* Recording Modifier */;
			targetProxy = 3EADEAAF1A512A1700CDAEB6 /* PBXContainerItemProxy */;
		};
/* End PBXTargetDependency section */

/* Begin PBXVariantGroup section */
		3EADEAA21A512A1700CDAEB6 /* Main.storyboard */ = {
			isa = PBXVariantGroup;
			children = (
				3EADEAA31A512A1700CDAEB6 /* Base */,
			);
			name = Main.storyboard;
			sourceTree = "<group>";
		};
		3EADEAA71A512A1700CDAEB6 /* LaunchScreen.xib */ = {
			isa = PBXVariantGroup;
			children = (
				3EADEAA81A512A1700CDAEB6 /* Base */,
			);
			name = LaunchScreen.xib;
			sourceTree = "<group>";
		};
/* End PBXVariantGroup section */

/* Begin XCBuildConfiguration section */
		3EADEAB61A512A1700CDAEB6 /* Debug */ = {
			isa = XCBuildConfiguration;
			buildSettings = {
				ALWAYS_SEARCH_USER_PATHS = NO;
				CLANG_CXX_LANGUAGE_STANDARD = "gnu++0x";
				CLANG_CXX_LIBRARY = "libc++";
				CLANG_ENABLE_MODULES = YES;
				CLANG_ENABLE_OBJC_ARC = YES;
				CLANG_WARN_BOOL_CONVERSION = YES;
				CLANG_WARN_CONSTANT_CONVERSION = YES;
				CLANG_WARN_DIRECT_OBJC_ISA_USAGE = YES_ERROR;
				CLANG_WARN_EMPTY_BODY = YES;
				CLANG_WARN_ENUM_CONVERSION = YES;
				CLANG_WARN_INT_CONVERSION = YES;
				CLANG_WARN_OBJC_ROOT_CLASS = YES_ERROR;
				CLANG_WARN_UNREACHABLE_CODE = YES;
				CLANG_WARN__DUPLICATE_METHOD_MATCH = YES;
				"CODE_SIGN_IDENTITY[sdk=iphoneos*]" = "iPhone Developer";
				COPY_PHASE_STRIP = NO;
				ENABLE_STRICT_OBJC_MSGSEND = YES;
				GCC_C_LANGUAGE_STANDARD = gnu99;
				GCC_DYNAMIC_NO_PIC = NO;
				GCC_OPTIMIZATION_LEVEL = 0;
				GCC_PREPROCESSOR_DEFINITIONS = (
					"DEBUG=1",
					"$(inherited)",
				);
				GCC_SYMBOLS_PRIVATE_EXTERN = NO;
				GCC_WARN_64_TO_32_BIT_CONVERSION = YES;
				GCC_WARN_ABOUT_RETURN_TYPE = YES_ERROR;
				GCC_WARN_UNDECLARED_SELECTOR = YES;
				GCC_WARN_UNINITIALIZED_AUTOS = YES_AGGRESSIVE;
				GCC_WARN_UNUSED_FUNCTION = YES;
				GCC_WARN_UNUSED_VARIABLE = YES;
				IPHONEOS_DEPLOYMENT_TARGET = 8.1;
				MTL_ENABLE_DEBUG_INFO = YES;
				ONLY_ACTIVE_ARCH = YES;
				SDKROOT = iphoneos;
				SWIFT_OPTIMIZATION_LEVEL = "-Onone";
			};
			name = Debug;
		};
		3EADEAB71A512A1700CDAEB6 /* Release */ = {
			isa = XCBuildConfiguration;
			buildSettings = {
				ALWAYS_SEARCH_USER_PATHS = NO;
				CLANG_CXX_LANGUAGE_STANDARD = "gnu++0x";
				CLANG_CXX_LIBRARY = "libc++";
				CLANG_ENABLE_MODULES = YES;
				CLANG_ENABLE_OBJC_ARC = YES;
				CLANG_WARN_BOOL_CONVERSION = YES;
				CLANG_WARN_CONSTANT_CONVERSION = YES;
				CLANG_WARN_DIRECT_OBJC_ISA_USAGE = YES_ERROR;
				CLANG_WARN_EMPTY_BODY = YES;
				CLANG_WARN_ENUM_CONVERSION = YES;
				CLANG_WARN_INT_CONVERSION = YES;
				CLANG_WARN_OBJC_ROOT_CLASS = YES_ERROR;
				CLANG_WARN_UNREACHABLE_CODE = YES;
				CLANG_WARN__DUPLICATE_METHOD_MATCH = YES;
				"CODE_SIGN_IDENTITY[sdk=iphoneos*]" = "iPhone Developer";
				COPY_PHASE_STRIP = YES;
				ENABLE_NS_ASSERTIONS = NO;
				ENABLE_STRICT_OBJC_MSGSEND = YES;
				GCC_C_LANGUAGE_STANDARD = gnu99;
				GCC_WARN_64_TO_32_BIT_CONVERSION = YES;
				GCC_WARN_ABOUT_RETURN_TYPE = YES_ERROR;
				GCC_WARN_UNDECLARED_SELECTOR = YES;
				GCC_WARN_UNINITIALIZED_AUTOS = YES_AGGRESSIVE;
				GCC_WARN_UNUSED_FUNCTION = YES;
				GCC_WARN_UNUSED_VARIABLE = YES;
				IPHONEOS_DEPLOYMENT_TARGET = 8.1;
				MTL_ENABLE_DEBUG_INFO = NO;
				SDKROOT = iphoneos;
				VALIDATE_PRODUCT = YES;
			};
			name = Release;
		};
		3EADEAB91A512A1700CDAEB6 /* Debug */ = {
			isa = XCBuildConfiguration;
			buildSettings = {
				ASSETCATALOG_COMPILER_APPICON_NAME = AppIcon;
				INFOPLIST_FILE = "Recording Modifier/Info.plist";
				IPHONEOS_DEPLOYMENT_TARGET = 8.1;
				LD_RUNPATH_SEARCH_PATHS = "$(inherited) @executable_path/Frameworks";
				PRODUCT_NAME = "$(TARGET_NAME)";
			};
			name = Debug;
		};
		3EADEABA1A512A1700CDAEB6 /* Release */ = {
			isa = XCBuildConfiguration;
			buildSettings = {
				ASSETCATALOG_COMPILER_APPICON_NAME = AppIcon;
				INFOPLIST_FILE = "Recording Modifier/Info.plist";
				IPHONEOS_DEPLOYMENT_TARGET = 8.1;
				LD_RUNPATH_SEARCH_PATHS = "$(inherited) @executable_path/Frameworks";
				PRODUCT_NAME = "$(TARGET_NAME)";
			};
			name = Release;
		};
		3EADEABC1A512A1700CDAEB6 /* Debug */ = {
			isa = XCBuildConfiguration;
			buildSettings = {
				BUNDLE_LOADER = "$(TEST_HOST)";
				FRAMEWORK_SEARCH_PATHS = (
					"$(SDKROOT)/Developer/Library/Frameworks",
					"$(inherited)",
				);
				GCC_PREPROCESSOR_DEFINITIONS = (
					"DEBUG=1",
					"$(inherited)",
				);
				INFOPLIST_FILE = "Recording ModifierTests/Info.plist";
				LD_RUNPATH_SEARCH_PATHS = "$(inherited) @executable_path/Frameworks @loader_path/Frameworks";
				PRODUCT_NAME = "$(TARGET_NAME)";
				TEST_HOST = "$(BUILT_PRODUCTS_DIR)/Recording Modifier.app/Recording Modifier";
			};
			name = Debug;
		};
		3EADEABD1A512A1700CDAEB6 /* Release */ = {
			isa = XCBuildConfiguration;
			buildSettings = {
				BUNDLE_LOADER = "$(TEST_HOST)";
				FRAMEWORK_SEARCH_PATHS = (
					"$(SDKROOT)/Developer/Library/Frameworks",
					"$(inherited)",
				);
				INFOPLIST_FILE = "Recording ModifierTests/Info.plist";
				LD_RUNPATH_SEARCH_PATHS = "$(inherited) @executable_path/Frameworks @loader_path/Frameworks";
				PRODUCT_NAME = "$(TARGET_NAME)";
				TEST_HOST = "$(BUILT_PRODUCTS_DIR)/Recording Modifier.app/Recording Modifier";
			};
			name = Release;
		};
/* End XCBuildConfiguration section */

/* Begin XCConfigurationList section */
		3EADEA941A512A1600CDAEB6 /* Build configuration list for PBXProject "Recording Modifier" */ = {
			isa = XCConfigurationList;
			buildConfigurations = (
				3EADEAB61A512A1700CDAEB6 /* Debug */,
				3EADEAB71A512A1700CDAEB6 /* Release */,
			);
			defaultConfigurationIsVisible = 0;
			defaultConfigurationName = Release;
		};
		3EADEAB81A512A1700CDAEB6 /* Build configuration list for PBXNativeTarget "Recording Modifier" */ = {
			isa = XCConfigurationList;
			buildConfigurations = (
				3EADEAB91A512A1700CDAEB6 /* Debug */,
				3EADEABA1A512A1700CDAEB6 /* Release */,
			);
			defaultConfigurationIsVisible = 0;
			defaultConfigurationName = Release;
		};
		3EADEABB1A512A1700CDAEB6 /* Build configuration list for PBXNativeTarget "Recording ModifierTests" */ = {
			isa = XCConfigurationList;
			buildConfigurations = (
				3EADEABC1A512A1700CDAEB6 /* Debug */,
				3EADEABD1A512A1700CDAEB6 /* Release */,
			);
			defaultConfigurationIsVisible = 0;
			defaultConfigurationName = Release;
		};
/* End XCConfigurationList section */
	};
	rootObject = 3EADEA911A512A1600CDAEB6 /* Project object */;
}
